
Microsoft Visual Studio Solution File, Format Version 12.00
# Visual Studio Version 17
VisualStudioVersion = 17.14.36221.1 d17.14
MinimumVisualStudioVersion = 10.0.40219.1
Project("{FAE04EC0-301F-11D3-BF4B-00C04F79EFBC}") = "SymphonyLimited", "SymphonyLimited\SymphonyLimited.csproj", "{06AAD5D8-5813-4939-9076-D6E89F56AABF}"
EndProject
Global
	GlobalSection(SolutionConfigurationPlatforms) = preSolution
		Debug|Any CPU = Debug|Any CPU
		Release|Any CPU = Release|Any CPU
	EndGlobalSection
	GlobalSection(ProjectConfigurationPlatforms) = postSolution
		{06AAD5D8-5813-4939-9076-D6E89F56AABF}.Debug|Any CPU.ActiveCfg = Debug|Any CPU
		{06AAD5D8-5813-4939-9076-D6E89F56AABF}.Debug|Any CPU.Build.0 = Debug|Any CPU
		{06AAD5D8-5813-4939-9076-D6E89F56AABF}.Release|Any CPU.ActiveCfg = Release|Any CPU
		{06AAD5D8-5813-4939-9076-D6E89F56AABF}.Release|Any CPU.Build.0 = Release|Any CPU
	EndGlobalSection
	GlobalSection(SolutionProperties) = preSolution
		HideSolutionNode = FALSE
	EndGlobalSection
	GlobalSection(ExtensibilityGlobals) = postSolution
		SolutionGuid = {11059631-5BB4-41BE-A434-82B57E4883A6}
	EndGlobalSection
EndGlobal
